
Microsoft Visual Studio Solution File, Format Version 12.00
# Visual Studio 15
VisualStudioVersion = 15.0.28307.438
MinimumVisualStudioVersion = 10.0.40219.1
Project("{FAE04EC0-301F-11D3-BF4B-00C04F79EFBC}") = "Numeros_primos", "Numeros_primos\Numeros_primos.csproj", "{6C961B4D-AA68-4D72-A8A3-68F358E71CDD}"
EndProject
Global
	GlobalSection(SolutionConfigurationPlatforms) = preSolution
		Debug|Any CPU = Debug|Any CPU
		Release|Any CPU = Release|Any CPU
	EndGlobalSection
	GlobalSection(ProjectConfigurationPlatforms) = postSolution
		{6C961B4D-AA68-4D72-A8A3-68F358E71CDD}.Debug|Any CPU.ActiveCfg = Debug|Any CPU
		{6C961B4D-AA68-4D72-A8A3-68F358E71CDD}.Debug|Any CPU.Build.0 = Debug|Any CPU
		{6C961B4D-AA68-4D72-A8A3-68F358E71CDD}.Release|Any CPU.ActiveCfg = Release|Any CPU
		{6C961B4D-AA68-4D72-A8A3-68F358E71CDD}.Release|Any CPU.Build.0 = Release|Any CPU
	EndGlobalSection
	GlobalSection(SolutionProperties) = preSolution
		HideSolutionNode = FALSE
	EndGlobalSection
	GlobalSection(ExtensibilityGlobals) = postSolution
		SolutionGuid = {01E7F35C-BB93-4886-9087-CD614B541127}
	EndGlobalSection
EndGlobal
